# THIS IS AN AUTOGENERATED FILE. DO NOT EDIT THIS FILE DIRECTLY.
# yarn lockfile v1


"@tsconfig/recommended@^1.0.1":
  version "1.0.1"
  resolved "https://registry.yarnpkg.com/@tsconfig/recommended/-/recommended-1.0.1.tgz#7619bad397e06ead1c5182926c944e0ca6177f52"
  integrity sha512-2xN+iGTbPBEzGSnVp/Hd64vKJCJWxsi9gfs88x4PPMyEjHJoA3o5BY9r5OLPHIZU2pAQxkSAsJFqn6itClP8mQ==

"@types/antlr4@^4.7.2":
  version "4.7.2"
  resolved "https://registry.yarnpkg.com/@types/antlr4/-/antlr4-4.7.2.tgz#8cfbbcea13d45c42e9a326aa0e55df816cdd07f5"
  integrity sha512-v6NASzZa4pUgO2QJJqGHTRRBfZDTOk2savuugSfCLatRTd2q+UtW0I7ub9mjzERhm7aWqGxBi886HnJkLYiIEA==

antlr4@^4.9.2:
  version "4.9.2"
  resolved "https://registry.yarnpkg.com/antlr4/-/antlr4-4.9.2.tgz#abbc53d275954b1b6f4d8b3468b4a2cb258121fc"
  integrity sha512-UjMSlenUORL+a+6g4RNZxRh5LcFWybRi2g0ASDBpgXBY6nlavg0BRVAVEQF0dz8jH6SyX3lV7uP5y/krJzc+Hw==

esbuild@^0.12.12:
  version "0.12.12"
  resolved "https://registry.yarnpkg.com/esbuild/-/esbuild-0.12.12.tgz#2c3815c508e20f771cf6b2ffb03aa7349e651657"
  integrity sha512-fdB/8HRg9u95Zi4/qV+osrfzpvLzubFKUr8SkZf/kUKImLiX61Y7qBzV14FCKphFk7YoXWY85nbPGkI6pq+Zeg==

typescript@^4.3.4:
  version "4.3.4"
  resolved "https://registry.yarnpkg.com/typescript/-/typescript-4.3.4.tgz#3f85b986945bcf31071decdd96cf8bfa65f9dcbc"
  integrity sha512-uauPG7XZn9F/mo+7MrsRjyvbxFpzemRjKEZXS4AK83oP2KKOJPvb+9cO/gmnv8arWZvhnjVOXz7B49m1l0e9Ew==
